// !$*UTF8*$!
{
	archiveVersion = 1;
	classes = {
	};
	objectVersion = 77;
	objects = {

/* Begin PBXContainerItemProxy section */
		F1F67CE02CED7FA2002042C5 /* PBXContainerItemProxy */ = {
			isa = PBXContainerItemProxy;
			containerPortal = F1F67CC72CED7FA1002042C5 /* Project object */;
			proxyType = 1;
			remoteGlobalIDString = F1F67CCE2CED7FA1002042C5;
			remoteInfo = VideoCaster;
		};
		F1F67CEA2CED7FA2002042C5 /* PBXContainerItemProxy */ = {
			isa = PBXContainerItemProxy;
			containerPortal = F1F67CC72CED7FA1002042C5 /* Project object */;
			proxyType = 1;
			remoteGlobalIDString = F1F67CCE2CED7FA1002042C5;
			remoteInfo = VideoCaster;
		};
/* End PBXContainerItemProxy section */

/* Begin PBXFileReference section */
		F1F67CCF2CED7FA1002042C5 /* VideoCaster.app */ = {isa = PBXFileReference; explicitFileType = wrapper.application; includeInIndex = 0; path = VideoCaster.app; sourceTree = BUILT_PRODUCTS_DIR; };
		F1F67CDF2CED7FA2002042C5 /* VideoCasterTests.xctest */ = {isa = PBXFileReference; explicitFileType = wrapper.cfbundle; includeInIndex = 0; path = VideoCasterTests.xctest; sourceTree = BUILT_PRODUCTS_DIR; };
		F1F67CE92CED7FA2002042C5 /* VideoCasterUITests.xctest */ = {isa = PBXFileReference; explicitFileType = wrapper.cfbundle; includeInIndex = 0; path = VideoCasterUITests.xctest; sourceTree = BUILT_PRODUCTS_DIR; };
/* End PBXFileReference section */

/* Begin PBXFileSystemSynchronizedRootGroup section */
		F1F67CD12CED7FA1002042C5 /* VideoCaster */ = {
			isa = PBXFileSystemSynchronizedRootGroup;
			path = VideoCaster;
			sourceTree = "<group>";
		};
		F1F67CE22CED7FA2002042C5 /* VideoCasterTests */ = {
			isa = PBXFileSystemSynchronizedRootGroup;
			path = VideoCasterTests;
			sourceTree = "<group>";
		};
		F1F67CEC2CED7FA2002042C5 /* VideoCasterUITests */ = {
			isa = PBXFileSystemSynchronizedRootGroup;
			path = VideoCasterUITests;
			sourceTree = "<group>";
		};
/* End PBXFileSystemSynchronizedRootGroup section */

/* Begin PBXFrameworksBuildPhase section */
		F1F67CCC2CED7FA1002042C5 /* Frameworks */ = {
			isa = PBXFrameworksBuildPhase;
			buildActionMask = 2147483647;
			files = (
			);
			runOnlyForDeploymentPostprocessing = 0;
		};
		F1F67CDC2CED7FA2002042C5 /* Frameworks */ = {
			isa = PBXFrameworksBuildPhase;
			buildActionMask = 2147483647;
			files = (
			);
			runOnlyForDeploymentPostprocessing = 0;
		};
		F1F67CE62CED7FA2002042C5 /* Frameworks */ = {
			isa = PBXFrameworksBuildPhase;
			buildActionMask = 2147483647;
			files = (
			);
			runOnlyForDeploymentPostprocessing = 0;
		};
/* End PBXFrameworksBuildPhase section */

/* Begin PBXGroup section */
		F1F67CC62CED7FA1002042C5 = {
			isa = PBXGroup;
			children = (
				F1F67CD12CED7FA1002042C5 /* VideoCaster */,
				F1F67CE22CED7FA2002042C5 /* VideoCasterTests */,
				F1F67CEC2CED7FA2002042C5 /* VideoCasterUITests */,
				F1F67CD02CED7FA1002042C5 /* Products */,
			);
			sourceTree = "<group>";
		};
		F1F67CD02CED7FA1002042C5 /* Products */ = {
			isa = PBXGroup;
			children = (
				F1F67CCF2CED7FA1002042C5 /* VideoCaster.app */,
				F1F67CDF2CED7FA2002042C5 /* VideoCasterTests.xctest */,
				F1F67CE92CED7FA2002042C5 /* VideoCasterUITests.xctest */,
			);
			name = Products;
			sourceTree = "<group>";
		};
/* End PBXGroup section */

/* Begin PBXNativeTarget section */
		F1F67CCE2CED7FA1002042C5 /* VideoCaster */ = {
			isa = PBXNativeTarget;
			buildConfigurationList = F1F67CF32CED7FA2002042C5 /* Build configuration list for PBXNativeTarget "VideoCaster" */;
			buildPhases = (
				F1F67CCB2CED7FA1002042C5 /* Sources */,
				F1F67CCC2CED7FA1002042C5 /* Frameworks */,
				F1F67CCD2CED7FA1002042C5 /* Resources */,
			);
			buildRules = (
			);
			dependencies = (
			);
			fileSystemSynchronizedGroups = (
				F1F67CD12CED7FA1002042C5 /* VideoCaster */,
			);
			name = VideoCaster;
			packageProductDependencies = (
			);
			productName = VideoCaster;
			productReference = F1F67CCF2CED7FA1002042C5 /* VideoCaster.app */;
			productType = "com.apple.product-type.application";
		};
		F1F67CDE2CED7FA2002042C5 /* VideoCasterTests */ = {
			isa = PBXNativeTarget;
			buildConfigurationList = F1F67CF62CED7FA2002042C5 /* Build configuration list for PBXNativeTarget "VideoCasterTests" */;
			buildPhases = (
				F1F67CDB2CED7FA2002042C5 /* Sources */,
				F1F67CDC2CED7FA2002042C5 /* Frameworks */,
				F1F67CDD2CED7FA2002042C5 /* Resources */,
			);
			buildRules = (
			);
			dependencies = (
				F1F67CE12CED7FA2002042C5 /* PBXTargetDependency */,
			);
			fileSystemSynchronizedGroups = (
				F1F67CE22CED7FA2002042C5 /* VideoCasterTests */,
			);
			name = VideoCasterTests;
			packageProductDependencies = (
			);
			productName = VideoCasterTests;
			productReference = F1F67CDF2CED7FA2002042C5 /* VideoCasterTests.xctest */;
			productType = "com.apple.product-type.bundle.unit-test";
		};
		F1F67CE82CED7FA2002042C5 /* VideoCasterUITests */ = {
			isa = PBXNativeTarget;
			buildConfigurationList = F1F67CF92CED7FA2002042C5 /* Build configuration list for PBXNativeTarget "VideoCasterUITests" */;
			buildPhases = (
				F1F67CE52CED7FA2002042C5 /* Sources */,
				F1F67CE62CED7FA2002042C5 /* Frameworks */,
				F1F67CE72CED7FA2002042C5 /* Resources */,
			);
			buildRules = (
			);
			dependencies = (
				F1F67CEB2CED7FA2002042C5 /* PBXTargetDependency */,
			);
			fileSystemSynchronizedGroups = (
				F1F67CEC2CED7FA2002042C5 /* VideoCasterUITests */,
			);
			name = VideoCasterUITests;
			packageProductDependencies = (
			);
			productName = VideoCasterUITests;
			productReference = F1F67CE92CED7FA2002042C5 /* VideoCasterUITests.xctest */;
			productType = "com.apple.product-type.bundle.ui-testing";
		};
/* End PBXNativeTarget section */

/* Begin PBXProject section */
		F1F67CC72CED7FA1002042C5 /* Project object */ = {
			isa = PBXProject;
			attributes = {
				BuildIndependentTargetsInParallel = 1;
				LastSwiftUpdateCheck = 1610;
				LastUpgradeCheck = 1610;
				TargetAttributes = {
					F1F67CCE2CED7FA1002042C5 = {
						CreatedOnToolsVersion = 16.1;
					};
					F1F67CDE2CED7FA2002042C5 = {
						CreatedOnToolsVersion = 16.1;
						TestTargetID = F1F67CCE2CED7FA1002042C5;
					};
					F1F67CE82CED7FA2002042C5 = {
						CreatedOnToolsVersion = 16.1;
						TestTargetID = F1F67CCE2CED7FA1002042C5;
					};
				};
			};
			buildConfigurationList = F1F67CCA2CED7FA1002042C5 /* Build configuration list for PBXProject "VideoCaster" */;
			developmentRegion = en;
			hasScannedForEncodings = 0;
			knownRegions = (
				en,
				Base,
			);
			mainGroup = F1F67CC62CED7FA1002042C5;
			minimizedProjectReferenceProxies = 1;
			preferredProjectObjectVersion = 77;
			productRefGroup = F1F67CD02CED7FA1002042C5 /* Products */;
			projectDirPath = "";
			projectRoot = "";
			targets = (
				F1F67CCE2CED7FA1002042C5 /* VideoCaster */,
				F1F67CDE2CED7FA2002042C5 /* VideoCasterTests */,
				F1F67CE82CED7FA2002042C5 /* VideoCasterUITests */,
			);
		};
/* End PBXProject section */

/* Begin PBXResourcesBuildPhase section */
		F1F67CCD2CED7FA1002042C5 /* Resources */ = {
			isa = PBXResourcesBuildPhase;
			buildActionMask = 2147483647;
			files = (
			);
			runOnlyForDeploymentPostprocessing = 0;
		};
		F1F67CDD2CED7FA2002042C5 /* Resources */ = {
			isa = PBXResourcesBuildPhase;
			buildActionMask = 2147483647;
			files = (
			);
			runOnlyForDeploymentPostprocessing = 0;
		};
		F1F67CE72CED7FA2002042C5 /* Resources */ = {
			isa = PBXResourcesBuildPhase;
			buildActionMask = 2147483647;
			files = (
			);
			runOnlyForDeploymentPostprocessing = 0;
		};
/* End PBXResourcesBuildPhase section */

/* Begin PBXSourcesBuildPhase section */
		F1F67CCB2CED7FA1002042C5 /* Sources */ = {
			isa = PBXSourcesBuildPhase;
			buildActionMask = 2147483647;
			files = (
			);
			runOnlyForDeploymentPostprocessing = 0;
		};
		F1F67CDB2CED7FA2002042C5 /* Sources */ = {
			isa = PBXSourcesBuildPhase;
			buildActionMask = 2147483647;
			files = (
			);
			runOnlyForDeploymentPostprocessing = 0;
		};
		F1F67CE52CED7FA2002042C5 /* Sources */ = {
			isa = PBXSourcesBuildPhase;
			buildActionMask = 2147483647;
			files = (
			);
			runOnlyForDeploymentPostprocessing = 0;
		};
/* End PBXSourcesBuildPhase section */

/* Begin PBXTargetDependency section */
		F1F67CE12CED7FA2002042C5 /* PBXTargetDependency */ = {
			isa = PBXTargetDependency;
			target = F1F67CCE2CED7FA1002042C5 /* VideoCaster */;
			targetProxy = F1F67CE02CED7FA2002042C5 /* PBXContainerItemProxy */;
		};
		F1F67CEB2CED7FA2002042C5 /* PBXTargetDependency */ = {
			isa = PBXTargetDependency;
			target = F1F67CCE2CED7FA1002042C5 /* VideoCaster */;
			targetProxy = F1F67CEA2CED7FA2002042C5 /* PBXContainerItemProxy */;
		};
/* End PBXTargetDependency section */

/* Begin XCBuildConfiguration section */
		F1F67CF12CED7FA2002042C5 /* Debug */ = {
			isa = XCBuildConfiguration;
			buildSettings = {
				ALWAYS_SEARCH_USER_PATHS = NO;
				ASSETCATALOG_COMPILER_GENERATE_SWIFT_ASSET_SYMBOL_EXTENSIONS = YES;
				CLANG_ANALYZER_NONNULL = YES;
				CLANG_ANALYZER_NUMBER_OBJECT_CONVERSION = YES_AGGRESSIVE;
				CLANG_CXX_LANGUAGE_STANDARD = "gnu++20";
				CLANG_ENABLE_MODULES = YES;
				CLANG_ENABLE_OBJC_ARC = YES;
				CLANG_ENABLE_OBJC_WEAK = YES;
				CLANG_WARN_BLOCK_CAPTURE_AUTORELEASING = YES;
				CLANG_WARN_BOOL_CONVERSION = YES;
				CLANG_WARN_COMMA = YES;
				CLANG_WARN_CONSTANT_CONVERSION = YES;
				CLANG_WARN_DEPRECATED_OBJC_IMPLEMENTATIONS = YES;
				CLANG_WARN_DIRECT_OBJC_ISA_USAGE = YES_ERROR;
				CLANG_WARN_DOCUMENTATION_COMMENTS = YES;
				CLANG_WARN_EMPTY_BODY = YES;
				CLANG_WARN_ENUM_CONVERSION = YES;
				CLANG_WARN_INFINITE_RECURSION = YES;
				CLANG_WARN_INT_CONVERSION = YES;
				CLANG_WARN_NON_LITERAL_NULL_CONVERSION = YES;
				CLANG_WARN_OBJC_IMPLICIT_RETAIN_SELF = YES;
				CLANG_WARN_OBJC_LITERAL_CONVERSION = YES;
				CLANG_WARN_OBJC_ROOT_CLASS = YES_ERROR;
				CLANG_WARN_QUOTED_INCLUDE_IN_FRAMEWORK_HEADER = YES;
				CLANG_WARN_RANGE_LOOP_ANALYSIS = YES;
				CLANG_WARN_STRICT_PROTOTYPES = YES;
				CLANG_WARN_SUSPICIOUS_MOVE = YES;
				CLANG_WARN_UNGUARDED_AVAILABILITY = YES_AGGRESSIVE;
				CLANG_WARN_UNREACHABLE_CODE = YES;
				CLANG_WARN__DUPLICATE_METHOD_MATCH = YES;
				COPY_PHASE_STRIP = NO;
				DEBUG_INFORMATION_FORMAT = dwarf;
				ENABLE_STRICT_OBJC_MSGSEND = YES;
				ENABLE_TESTABILITY = YES;
				ENABLE_USER_SCRIPT_SANDBOXING = YES;
				GCC_C_LANGUAGE_STANDARD = gnu17;
				GCC_DYNAMIC_NO_PIC = NO;
				GCC_NO_COMMON_BLOCKS = YES;
				GCC_OPTIMIZATION_LEVEL = 0;
				GCC_PREPROCESSOR_DEFINITIONS = (
					"DEBUG=1",
					"$(inherited)",
				);
				GCC_WARN_64_TO_32_BIT_CONVERSION = YES;
				GCC_WARN_ABOUT_RETURN_TYPE = YES_ERROR;
				GCC_WARN_UNDECLARED_SELECTOR = YES;
				GCC_WARN_UNINITIALIZED_AUTOS = YES_AGGRESSIVE;
				GCC_WARN_UNUSED_FUNCTION = YES;
				GCC_WARN_UNUSED_VARIABLE = YES;
				IPHONEOS_DEPLOYMENT_TARGET = 18.1;
				LOCALIZATION_PREFERS_STRING_CATALOGS = YES;
				MTL_ENABLE_DEBUG_INFO = INCLUDE_SOURCE;
				MTL_FAST_MATH = YES;
				ONLY_ACTIVE_ARCH = YES;
				SDKROOT = iphoneos;
				SWIFT_ACTIVE_COMPILATION_CONDITIONS = "DEBUG $(inherited)";
				SWIFT_OPTIMIZATION_LEVEL = "-Onone";
			};
			name = Debug;
		};
		F1F67CF22CED7FA2002042C5 /* Release */ = {
			isa = XCBuildConfiguration;
			buildSettings = {
				ALWAYS_SEARCH_USER_PATHS = NO;
				ASSETCATALOG_COMPILER_GENERATE_SWIFT_ASSET_SYMBOL_EXTENSIONS = YES;
				CLANG_ANALYZER_NONNULL = YES;
				CLANG_ANALYZER_NUMBER_OBJECT_CONVERSION = YES_AGGRESSIVE;
				CLANG_CXX_LANGUAGE_STANDARD = "gnu++20";
				CLANG_ENABLE_MODULES = YES;
				CLANG_ENABLE_OBJC_ARC = YES;
				CLANG_ENABLE_OBJC_WEAK = YES;
				CLANG_WARN_BLOCK_CAPTURE_AUTORELEASING = YES;
				CLANG_WARN_BOOL_CONVERSION = YES;
				CLANG_WARN_COMMA = YES;
				CLANG_WARN_CONSTANT_CONVERSION = YES;
				CLANG_WARN_DEPRECATED_OBJC_IMPLEMENTATIONS = YES;
				CLANG_WARN_DIRECT_OBJC_ISA_USAGE = YES_ERROR;
				CLANG_WARN_DOCUMENTATION_COMMENTS = YES;
				CLANG_WARN_EMPTY_BODY = YES;
				CLANG_WARN_ENUM_CONVERSION = YES;
				CLANG_WARN_INFINITE_RECURSION = YES;
				CLANG_WARN_INT_CONVERSION = YES;
				CLANG_WARN_NON_LITERAL_NULL_CONVERSION = YES;
				CLANG_WARN_OBJC_IMPLICIT_RETAIN_SELF = YES;
				CLANG_WARN_OBJC_LITERAL_CONVERSION = YES;
				CLANG_WARN_OBJC_ROOT_CLASS = YES_ERROR;
				CLANG_WARN_QUOTED_INCLUDE_IN_FRAMEWORK_HEADER = YES;
				CLANG_WARN_RANGE_LOOP_ANALYSIS = YES;
				CLANG_WARN_STRICT_PROTOTYPES = YES;
				CLANG_WARN_SUSPICIOUS_MOVE = YES;
				CLANG_WARN_UNGUARDED_AVAILABILITY = YES_AGGRESSIVE;
				CLANG_WARN_UNREACHABLE_CODE = YES;
				CLANG_WARN__DUPLICATE_METHOD_MATCH = YES;
				COPY_PHASE_STRIP = NO;
				DEBUG_INFORMATION_FORMAT = "dwarf-with-dsym";
				ENABLE_NS_ASSERTIONS = NO;
				ENABLE_STRICT_OBJC_MSGSEND = YES;
				ENABLE_USER_SCRIPT_SANDBOXING = YES;
				GCC_C_LANGUAGE_STANDARD = gnu17;
				GCC_NO_COMMON_BLOCKS = YES;
				GCC_WARN_64_TO_32_BIT_CONVERSION = YES;
				GCC_WARN_ABOUT_RETURN_TYPE = YES_ERROR;
				GCC_WARN_UNDECLARED_SELECTOR = YES;
				GCC_WARN_UNINITIALIZED_AUTOS = YES_AGGRESSIVE;
				GCC_WARN_UNUSED_FUNCTION = YES;
				GCC_WARN_UNUSED_VARIABLE = YES;
				IPHONEOS_DEPLOYMENT_TARGET = 18.1;
				LOCALIZATION_PREFERS_STRING_CATALOGS = YES;
				MTL_ENABLE_DEBUG_INFO = NO;
				MTL_FAST_MATH = YES;
				SDKROOT = iphoneos;
				SWIFT_COMPILATION_MODE = wholemodule;
				VALIDATE_PRODUCT = YES;
			};
			name = Release;
		};
		F1F67CF42CED7FA2002042C5 /* Debug */ = {
			isa = XCBuildConfiguration;
			buildSettings = {
				ASSETCATALOG_COMPILER_APPICON_NAME = AppIcon;
				ASSETCATALOG_COMPILER_GLOBAL_ACCENT_COLOR_NAME = AccentColor;
				CODE_SIGN_STYLE = Automatic;
				CURRENT_PROJECT_VERSION = 1;
				DEVELOPMENT_ASSET_PATHS = "\"VideoCaster/Preview Content\"";
				DEVELOPMENT_TEAM = 2Z78JZ8JT5;
				ENABLE_PREVIEWS = YES;
				GENERATE_INFOPLIST_FILE = YES;
				INFOPLIST_KEY_UIApplicationSceneManifest_Generation = YES;
				INFOPLIST_KEY_UIApplicationSupportsIndirectInputEvents = YES;
				INFOPLIST_KEY_UILaunchScreen_Generation = YES;
				INFOPLIST_KEY_UISupportedInterfaceOrientations_iPad = "UIInterfaceOrientationPortrait UIInterfaceOrientationPortraitUpsideDown UIInterfaceOrientationLandscapeLeft UIInterfaceOrientationLandscapeRight";
				INFOPLIST_KEY_UISupportedInterfaceOrientations_iPhone = "UIInterfaceOrientationPortrait UIInterfaceOrientationLandscapeLeft UIInterfaceOrientationLandscapeRight";
				LD_RUNPATH_SEARCH_PATHS = (
					"$(inherited)",
					"@executable_path/Frameworks",
				);
				MARKETING_VERSION = 1.0;
				PRODUCT_BUNDLE_IDENTIFIER = com.harelzadok.VideoCaster;
				PRODUCT_NAME = "$(TARGET_NAME)";
				SWIFT_EMIT_LOC_STRINGS = YES;
				SWIFT_VERSION = 5.0;
				TARGETED_DEVICE_FAMILY = "1,2";
			};
			name = Debug;
		};
		F1F67CF52CED7FA2002042C5 /* Release */ = {
			isa = XCBuildConfiguration;
			buildSettings = {
				ASSETCATALOG_COMPILER_APPICON_NAME = AppIcon;
				ASSETCATALOG_COMPILER_GLOBAL_ACCENT_COLOR_NAME = AccentColor;
				CODE_SIGN_STYLE = Automatic;
				CURRENT_PROJECT_VERSION = 1;
				DEVELOPMENT_ASSET_PATHS = "\"VideoCaster/Preview Content\"";
				DEVELOPMENT_TEAM = 2Z78JZ8JT5;
				ENABLE_PREVIEWS = YES;
				GENERATE_INFOPLIST_FILE = YES;
				INFOPLIST_KEY_UIApplicationSceneManifest_Generation = YES;
				INFOPLIST_KEY_UIApplicationSupportsIndirectInputEvents = YES;
				INFOPLIST_KEY_UILaunchScreen_Generation = YES;
				INFOPLIST_KEY_UISupportedInterfaceOrientations_iPad = "UIInterfaceOrientationPortrait UIInterfaceOrientationPortraitUpsideDown UIInterfaceOrientationLandscapeLeft UIInterfaceOrientationLandscapeRight";
				INFOPLIST_KEY_UISupportedInterfaceOrientations_iPhone = "UIInterfaceOrientationPortrait UIInterfaceOrientationLandscapeLeft UIInterfaceOrientationLandscapeRight";
				LD_RUNPATH_SEARCH_PATHS = (
					"$(inherited)",
					"@executable_path/Frameworks",
				);
				MARKETING_VERSION = 1.0;
				PRODUCT_BUNDLE_IDENTIFIER = com.harelzadok.VideoCaster;
				PRODUCT_NAME = "$(TARGET_NAME)";
				SWIFT_EMIT_LOC_STRINGS = YES;
				SWIFT_VERSION = 5.0;
				TARGETED_DEVICE_FAMILY = "1,2";
			};
			name = Release;
		};
		F1F67CF72CED7FA2002042C5 /* Debug */ = {
			isa = XCBuildConfiguration;
			buildSettings = {
				BUNDLE_LOADER = "$(TEST_HOST)";
				CODE_SIGN_STYLE = Automatic;
				CURRENT_PROJECT_VERSION = 1;
				DEVELOPMENT_TEAM = 2Z78JZ8JT5;
				GENERATE_INFOPLIST_FILE = YES;
				IPHONEOS_DEPLOYMENT_TARGET = 18.1;
				MARKETING_VERSION = 1.0;
				PRODUCT_BUNDLE_IDENTIFIER = com.harelzadok.VideoCasterTests;
				PRODUCT_NAME = "$(TARGET_NAME)";
				SWIFT_EMIT_LOC_STRINGS = NO;
				SWIFT_VERSION = 5.0;
				TARGETED_DEVICE_FAMILY = "1,2";
				TEST_HOST = "$(BUILT_PRODUCTS_DIR)/VideoCaster.app/$(BUNDLE_EXECUTABLE_FOLDER_PATH)/VideoCaster";
			};
			name = Debug;
		};
		F1F67CF82CED7FA2002042C5 /* Release */ = {
			isa = XCBuildConfiguration;
			buildSettings = {
				BUNDLE_LOADER = "$(TEST_HOST)";
				CODE_SIGN_STYLE = Automatic;
				CURRENT_PROJECT_VERSION = 1;
				DEVELOPMENT_TEAM = 2Z78JZ8JT5;
				GENERATE_INFOPLIST_FILE = YES;
				IPHONEOS_DEPLOYMENT_TARGET = 18.1;
				MARKETING_VERSION = 1.0;
				PRODUCT_BUNDLE_IDENTIFIER = com.harelzadok.VideoCasterTests;
				PRODUCT_NAME = "$(TARGET_NAME)";
				SWIFT_EMIT_LOC_STRINGS = NO;
				SWIFT_VERSION = 5.0;
				TARGETED_DEVICE_FAMILY = "1,2";
				TEST_HOST = "$(BUILT_PRODUCTS_DIR)/VideoCaster.app/$(BUNDLE_EXECUTABLE_FOLDER_PATH)/VideoCaster";
			};
			name = Release;
		};
		F1F67CFA2CED7FA2002042C5 /* Debug */ = {
			isa = XCBuildConfiguration;
			buildSettings = {
				CODE_SIGN_STYLE = Automatic;
				CURRENT_PROJECT_VERSION = 1;
				DEVELOPMENT_TEAM = 2Z78JZ8JT5;
				GENERATE_INFOPLIST_FILE = YES;
				MARKETING_VERSION = 1.0;
				PRODUCT_BUNDLE_IDENTIFIER = com.harelzadok.VideoCasterUITests;
				PRODUCT_NAME = "$(TARGET_NAME)";
				SWIFT_EMIT_LOC_STRINGS = NO;
				SWIFT_VERSION = 5.0;
				TARGETED_DEVICE_FAMILY = "1,2";
				TEST_TARGET_NAME = VideoCaster;
			};
			name = Debug;
		};
		F1F67CFB2CED7FA2002042C5 /* Release */ = {
			isa = XCBuildConfiguration;
			buildSettings = {
				CODE_SIGN_STYLE = Automatic;
				CURRENT_PROJECT_VERSION = 1;
				DEVELOPMENT_TEAM = 2Z78JZ8JT5;
				GENERATE_INFOPLIST_FILE = YES;
				MARKETING_VERSION = 1.0;
				PRODUCT_BUNDLE_IDENTIFIER = com.harelzadok.VideoCasterUITests;
				PRODUCT_NAME = "$(TARGET_NAME)";
				SWIFT_EMIT_LOC_STRINGS = NO;
				SWIFT_VERSION = 5.0;
				TARGETED_DEVICE_FAMILY = "1,2";
				TEST_TARGET_NAME = VideoCaster;
			};
			name = Release;
		};
/* End XCBuildConfiguration section */

/* Begin XCConfigurationList section */
		F1F67CCA2CED7FA1002042C5 /* Build configuration list for PBXProject "VideoCaster" */ = {
			isa = XCConfigurationList;
			buildConfigurations = (
				F1F67CF12CED7FA2002042C5 /* Debug */,
				F1F67CF22CED7FA2002042C5 /* Release */,
			);
			defaultConfigurationIsVisible = 0;
			defaultConfigurationName = Release;
		};
		F1F67CF32CED7FA2002042C5 /* Build configuration list for PBXNativeTarget "VideoCaster" */ = {
			isa = XCConfigurationList;
			buildConfigurations = (
				F1F67CF42CED7FA2002042C5 /* Debug */,
				F1F67CF52CED7FA2002042C5 /* Release */,
			);
			defaultConfigurationIsVisible = 0;
			defaultConfigurationName = Release;
		};
		F1F67CF62CED7FA2002042C5 /* Build configuration list for PBXNativeTarget "VideoCasterTests" */ = {
			isa = XCConfigurationList;
			buildConfigurations = (
				F1F67CF72CED7FA2002042C5 /* Debug */,
				F1F67CF82CED7FA2002042C5 /* Release */,
			);
			defaultConfigurationIsVisible = 0;
			defaultConfigurationName = Release;
		};
		F1F67CF92CED7FA2002042C5 /* Build configuration list for PBXNativeTarget "VideoCasterUITests" */ = {
			isa = XCConfigurationList;
			buildConfigurations = (
				F1F67CFA2CED7FA2002042C5 /* Debug */,
				F1F67CFB2CED7FA2002042C5 /* Release */,
			);
			defaultConfigurationIsVisible = 0;
			defaultConfigurationName = Release;
		};
/* End XCConfigurationList section */
	};
	rootObject = F1F67CC72CED7FA1002042C5 /* Project object */;
}
